PODS:
  - Alamofire (5.4.3)
  - KRActivityIndicatorView (3.0.7)
  - KRProgressHUD (3.4.7):
    - KRActivityIndicatorView (= 3.0.7)
  - XCDYouTubeKit (2.15.2)

DEPENDENCIES:
  - Alamofire (~> 5.1)
  - KRProgressHUD
  - XCDYouTubeKit (~> 2.15)

SPEC REPOS:
  trunk:
    - Alamofire
    - KRActivityIndicatorView
    - KRProgressHUD
    - XCDYouTubeKit

SPEC CHECKSUMS:
  Alamofire: e447a2774a40c996748296fa2c55112fdbbc42f9
  KRActivityIndicatorView: ad69e89c4ce40c986cf580595be4829dcad0e35a
  KRProgressHUD: a248f0bc6c9c2aed40a37b76e03ffecc7f85c887
  XCDYouTubeKit: b120aced3d8638ffb570c5450cddb5a1dac448c7

PODFILE CHECKSUM: 9bdbab862a85de4fb565fb005dadc2f6aeb1d33f

COCOAPODS: 1.11.2
